{
  "name": "harver-playwright-ts-test",
  "version": "1.0.0",
  "lockfileVersion": 1,
  "requires": true,
  "dependencies": {
    "@playwright/test": {
      "version": "1.36.1",
      "resolved": "https://registry.npmjs.org/@playwright/test/-/test-1.36.1.tgz",
      "integrity": "sha512-YK7yGWK0N3C2QInPU6iaf/L3N95dlGdbsezLya4n0ZCh3IL7VgPGxC6Gnznh9ApWdOmkJeleT2kMTcWPRZvzqg==",
      "dev": true,
      "requires": {
        "@types/node": "*",
        "fsevents": "2.3.2",
        "playwright-core": "1.36.1"
      }
    },
    "@types/node": {
      "version": "20.4.2",
      "resolved": "https://registry.npmjs.org/@types/node/-/node-20.4.2.tgz",
      "integrity": "sha512-Dd0BYtWgnWJKwO1jkmTrzofjK2QXXcai0dmtzvIBhcA+RsG5h8R3xlyta0kGOZRNfL9GuRtb1knmPEhQrePCEw==",
      "dev": true
    },
    "dotenv": {
      "version": "16.3.1",
      "resolved": "https://registry.npmjs.org/dotenv/-/dotenv-16.3.1.tgz",
      "integrity": "sha512-IPzF4w4/Rd94bA9imS68tZBaYyBWSCE47V1RGuMrB94iyTOIEwRmVL2x/4An+6mETpLrKJ5hQkB8W4kFAadeIQ=="
    },
    "fsevents": {
      "version": "2.3.2",
      "resolved": "https://registry.npmjs.org/fsevents/-/fsevents-2.3.2.tgz",
      "integrity": "sha512-xiqMQR4xAeHTuB9uWm+fFRcIOgKBMiOBP+eXiyT7jsgVCq1bkVygt00oASowB7EdtpOHaaPgKt812P9ab+DDKA==",
      "dev": true,
      "optional": true
    },
    "node": {
      "version": "20.4.0",
      "resolved": "https://registry.npmjs.org/node/-/node-20.4.0.tgz",
      "integrity": "sha512-IN51SKeIAacjLGF02d3ehNRhF9Z4I96LyAidAhN1GqNBOLXK1dcaYRs4AwClydv6Nl96soFRc3VlNaHCK4k+lQ==",
      "requires": {
        "node-bin-setup": "^1.0.0"
      }
    },
    "node-bin-setup": {
      "version": "1.1.3",
      "resolved": "https://registry.npmjs.org/node-bin-setup/-/node-bin-setup-1.1.3.tgz",
      "integrity": "sha512-opgw9iSCAzT2+6wJOETCpeRYAQxSopqQ2z+N6BXwIMsQQ7Zj5M8MaafQY8JMlolRR6R1UXg2WmhKp0p9lSOivg=="
    },
    "playwright-core": {
      "version": "1.36.1",
      "resolved": "https://registry.npmjs.org/playwright-core/-/playwright-core-1.36.1.tgz",
      "integrity": "sha512-7+tmPuMcEW4xeCL9cp9KxmYpQYHKkyjwoXRnoeTowaeNat8PoBMk/HwCYhqkH2fRkshfKEOiVus/IhID2Pg8kg==",
      "dev": true
    }
  }
}
